// !$*UTF8*$!
{
	archiveVersion = 1;
	classes = {
	};
	objectVersion = 56;
	objects = {

/* Begin PBXBuildFile section */
		CD3B924B29AF7B2000CFE321 /* AppDelegate.swift in Sources */ = {isa = PBXBuildFile; fileRef = CD3B924A29AF7B2000CFE321 /* AppDelegate.swift */; };
		CD3B924D29AF7B2000CFE321 /* SceneDelegate.swift in Sources */ = {isa = PBXBuildFile; fileRef = CD3B924C29AF7B2000CFE321 /* SceneDelegate.swift */; };
		CD3B924F29AF7B2000CFE321 /* ViewController.swift in Sources */ = {isa = PBXBuildFile; fileRef = CD3B924E29AF7B2000CFE321 /* ViewController.swift */; };
		CD3B925229AF7B2000CFE321 /* Main.storyboard in Resources */ = {isa = PBXBuildFile; fileRef = CD3B925029AF7B2000CFE321 /* Main.storyboard */; };
		CD3B925429AF7B2100CFE321 /* Assets.xcassets in Resources */ = {isa = PBXBuildFile; fileRef = CD3B925329AF7B2100CFE321 /* Assets.xcassets */; };
		CD3B925729AF7B2100CFE321 /* LaunchScreen.storyboard in Resources */ = {isa = PBXBuildFile; fileRef = CD3B925529AF7B2100CFE321 /* LaunchScreen.storyboard */; };
		CD6B2A8F29B3E71800C75349 /* QuestionModel.swift in Sources */ = {isa = PBXBuildFile; fileRef = CD6B2A8E29B3E71800C75349 /* QuestionModel.swift */; };
		CD6B2A9129B3E73700C75349 /* QuestionBrain.swift in Sources */ = {isa = PBXBuildFile; fileRef = CD6B2A9029B3E73700C75349 /* QuestionBrain.swift */; };
/* End PBXBuildFile section */

/* Begin PBXFileReference section */
		CD3B924729AF7B2000CFE321 /* quizzler.app */ = {isa = PBXFileReference; explicitFileType = wrapper.application; includeInIndex = 0; path = quizzler.app; sourceTree = BUILT_PRODUCTS_DIR; };
		CD3B924A29AF7B2000CFE321 /* AppDelegate.swift */ = {isa = PBXFileReference; lastKnownFileType = sourcecode.swift; path = AppDelegate.swift; sourceTree = "<group>"; };
		CD3B924C29AF7B2000CFE321 /* SceneDelegate.swift */ = {isa = PBXFileReference; lastKnownFileType = sourcecode.swift; path = SceneDelegate.swift; sourceTree = "<group>"; };
		CD3B924E29AF7B2000CFE321 /* ViewController.swift */ = {isa = PBXFileReference; lastKnownFileType = sourcecode.swift; path = ViewController.swift; sourceTree = "<group>"; };
		CD3B925129AF7B2000CFE321 /* Base */ = {isa = PBXFileReference; lastKnownFileType = file.storyboard; name = Base; path = Base.lproj/Main.storyboard; sourceTree = "<group>"; };
		CD3B925329AF7B2100CFE321 /* Assets.xcassets */ = {isa = PBXFileReference; lastKnownFileType = folder.assetcatalog; path = Assets.xcassets; sourceTree = "<group>"; };
		CD3B925629AF7B2100CFE321 /* Base */ = {isa = PBXFileReference; lastKnownFileType = file.storyboard; name = Base; path = Base.lproj/LaunchScreen.storyboard; sourceTree = "<group>"; };
		CD3B925829AF7B2100CFE321 /* Info.plist */ = {isa = PBXFileReference; lastKnownFileType = text.plist.xml; path = Info.plist; sourceTree = "<group>"; };
		CD6B2A8E29B3E71800C75349 /* QuestionModel.swift */ = {isa = PBXFileReference; lastKnownFileType = sourcecode.swift; path = QuestionModel.swift; sourceTree = "<group>"; };
		CD6B2A9029B3E73700C75349 /* QuestionBrain.swift */ = {isa = PBXFileReference; lastKnownFileType = sourcecode.swift; path = QuestionBrain.swift; sourceTree = "<group>"; };
/* End PBXFileReference section */

/* Begin PBXFrameworksBuildPhase section */
		CD3B924429AF7B2000CFE321 /* Frameworks */ = {
			isa = PBXFrameworksBuildPhase;
			buildActionMask = 2147483647;
			files = (
			);
			runOnlyForDeploymentPostprocessing = 0;
		};
/* End PBXFrameworksBuildPhase section */

/* Begin PBXGroup section */
		CD3B923E29AF7B2000CFE321 = {
			isa = PBXGroup;
			children = (
				CD3B924929AF7B2000CFE321 /* quizzler */,
				CD3B924829AF7B2000CFE321 /* Products */,
			);
			sourceTree = "<group>";
		};
		CD3B924829AF7B2000CFE321 /* Products */ = {
			isa = PBXGroup;
			children = (
				CD3B924729AF7B2000CFE321 /* quizzler.app */,
			);
			name = Products;
			sourceTree = "<group>";
		};
		CD3B924929AF7B2000CFE321 /* quizzler */ = {
			isa = PBXGroup;
			children = (
				CD3B924A29AF7B2000CFE321 /* AppDelegate.swift */,
				CD3B924C29AF7B2000CFE321 /* SceneDelegate.swift */,
				CD6B2A8D29B3E6AC00C75349 /* Model */,
				CD6B2A8C29B3E68200C75349 /* View */,
				CD6B2A8B29B3E66900C75349 /* Controller */,
				CD3B925329AF7B2100CFE321 /* Assets.xcassets */,
				CD3B925529AF7B2100CFE321 /* LaunchScreen.storyboard */,
				CD3B925829AF7B2100CFE321 /* Info.plist */,
			);
			path = quizzler;
			sourceTree = "<group>";
		};
		CD6B2A8B29B3E66900C75349 /* Controller */ = {
			isa = PBXGroup;
			children = (
				CD3B924E29AF7B2000CFE321 /* ViewController.swift */,
			);
			path = Controller;
			sourceTree = "<group>";
		};
		CD6B2A8C29B3E68200C75349 /* View */ = {
			isa = PBXGroup;
			children = (
				CD3B925029AF7B2000CFE321 /* Main.storyboard */,
			);
			path = View;
			sourceTree = "<group>";
		};
		CD6B2A8D29B3E6AC00C75349 /* Model */ = {
			isa = PBXGroup;
			children = (
				CD6B2A8E29B3E71800C75349 /* QuestionModel.swift */,
				CD6B2A9029B3E73700C75349 /* QuestionBrain.swift */,
			);
			path = Model;
			sourceTree = "<group>";
		};
/* End PBXGroup section */

/* Begin PBXNativeTarget section */
		CD3B924629AF7B2000CFE321 /* quizzler */ = {
			isa = PBXNativeTarget;
			buildConfigurationList = CD3B925B29AF7B2100CFE321 /* Build configuration list for PBXNativeTarget "quizzler" */;
			buildPhases = (
				CD3B924329AF7B2000CFE321 /* Sources */,
				CD3B924429AF7B2000CFE321 /* Frameworks */,
				CD3B924529AF7B2000CFE321 /* Resources */,
			);
			buildRules = (
			);
			dependencies = (
			);
			name = quizzler;
			productName = quizzler;
			productReference = CD3B924729AF7B2000CFE321 /* quizzler.app */;
			productType = "com.apple.product-type.application";
		};
/* End PBXNativeTarget section */

/* Begin PBXProject section */
		CD3B923F29AF7B2000CFE321 /* Project object */ = {
			isa = PBXProject;
			attributes = {
				BuildIndependentTargetsInParallel = 1;
				LastSwiftUpdateCheck = 1420;
				LastUpgradeCheck = 1420;
				TargetAttributes = {
					CD3B924629AF7B2000CFE321 = {
						CreatedOnToolsVersion = 14.2;
					};
				};
			};
			buildConfigurationList = CD3B924229AF7B2000CFE321 /* Build configuration list for PBXProject "quizzler" */;
			compatibilityVersion = "Xcode 14.0";
			developmentRegion = en;
			hasScannedForEncodings = 0;
			knownRegions = (
				en,
				Base,
			);
			mainGroup = CD3B923E29AF7B2000CFE321;
			productRefGroup = CD3B924829AF7B2000CFE321 /* Products */;
			projectDirPath = "";
			projectRoot = "";
			targets = (
				CD3B924629AF7B2000CFE321 /* quizzler */,
			);
		};
/* End PBXProject section */

/* Begin PBXResourcesBuildPhase section */
		CD3B924529AF7B2000CFE321 /* Resources */ = {
			isa = PBXResourcesBuildPhase;
			buildActionMask = 2147483647;
			files = (
				CD3B925729AF7B2100CFE321 /* LaunchScreen.storyboard in Resources */,
				CD3B925429AF7B2100CFE321 /* Assets.xcassets in Resources */,
				CD3B925229AF7B2000CFE321 /* Main.storyboard in Resources */,
			);
			runOnlyForDeploymentPostprocessing = 0;
		};
/* End PBXResourcesBuildPhase section */

/* Begin PBXSourcesBuildPhase section */
		CD3B924329AF7B2000CFE321 /* Sources */ = {
			isa = PBXSourcesBuildPhase;
			buildActionMask = 2147483647;
			files = (
				CD3B924F29AF7B2000CFE321 /* ViewController.swift in Sources */,
				CD3B924B29AF7B2000CFE321 /* AppDelegate.swift in Sources */,
				CD3B924D29AF7B2000CFE321 /* SceneDelegate.swift in Sources */,
				CD6B2A9129B3E73700C75349 /* QuestionBrain.swift in Sources */,
				CD6B2A8F29B3E71800C75349 /* QuestionModel.swift in Sources */,
			);
			runOnlyForDeploymentPostprocessing = 0;
		};
/* End PBXSourcesBuildPhase section */

/* Begin PBXVariantGroup section */
		CD3B925029AF7B2000CFE321 /* Main.storyboard */ = {
			isa = PBXVariantGroup;
			children = (
				CD3B925129AF7B2000CFE321 /* Base */,
			);
			name = Main.storyboard;
			sourceTree = "<group>";
		};
		CD3B925529AF7B2100CFE321 /* LaunchScreen.storyboard */ = {
			isa = PBXVariantGroup;
			children = (
				CD3B925629AF7B2100CFE321 /* Base */,
			);
			name = LaunchScreen.storyboard;
			sourceTree = "<group>";
		};
/* End PBXVariantGroup section */

/* Begin XCBuildConfiguration section */
		CD3B925929AF7B2100CFE321 /* Debug */ = {
			isa = XCBuildConfiguration;
			buildSettings = {
				ALWAYS_SEARCH_USER_PATHS = NO;
				CLANG_ANALYZER_NONNULL = YES;
				CLANG_ANALYZER_NUMBER_OBJECT_CONVERSION = YES_AGGRESSIVE;
				CLANG_CXX_LANGUAGE_STANDARD = "gnu++20";
				CLANG_ENABLE_MODULES = YES;
				CLANG_ENABLE_OBJC_ARC = YES;
				CLANG_ENABLE_OBJC_WEAK = YES;
				CLANG_WARN_BLOCK_CAPTURE_AUTORELEASING = YES;
				CLANG_WARN_BOOL_CONVERSION = YES;
				CLANG_WARN_COMMA = YES;
				CLANG_WARN_CONSTANT_CONVERSION = YES;
				CLANG_WARN_DEPRECATED_OBJC_IMPLEMENTATIONS = YES;
				CLANG_WARN_DIRECT_OBJC_ISA_USAGE = YES_ERROR;
				CLANG_WARN_DOCUMENTATION_COMMENTS = YES;
				CLANG_WARN_EMPTY_BODY = YES;
				CLANG_WARN_ENUM_CONVERSION = YES;
				CLANG_WARN_INFINITE_RECURSION = YES;
				CLANG_WARN_INT_CONVERSION = YES;
				CLANG_WARN_NON_LITERAL_NULL_CONVERSION = YES;
				CLANG_WARN_OBJC_IMPLICIT_RETAIN_SELF = YES;
				CLANG_WARN_OBJC_LITERAL_CONVERSION = YES;
				CLANG_WARN_OBJC_ROOT_CLASS = YES_ERROR;
				CLANG_WARN_QUOTED_INCLUDE_IN_FRAMEWORK_HEADER = YES;
				CLANG_WARN_RANGE_LOOP_ANALYSIS = YES;
				CLANG_WARN_STRICT_PROTOTYPES = YES;
				CLANG_WARN_SUSPICIOUS_MOVE = YES;
				CLANG_WARN_UNGUARDED_AVAILABILITY = YES_AGGRESSIVE;
				CLANG_WARN_UNREACHABLE_CODE = YES;
				CLANG_WARN__DUPLICATE_METHOD_MATCH = YES;
				COPY_PHASE_STRIP = NO;
				DEBUG_INFORMATION_FORMAT = dwarf;
				ENABLE_STRICT_OBJC_MSGSEND = YES;
				ENABLE_TESTABILITY = YES;
				GCC_C_LANGUAGE_STANDARD = gnu11;
				GCC_DYNAMIC_NO_PIC = NO;
				GCC_NO_COMMON_BLOCKS = YES;
				GCC_OPTIMIZATION_LEVEL = 0;
				GCC_PREPROCESSOR_DEFINITIONS = (
					"DEBUG=1",
					"$(inherited)",
				);
				GCC_WARN_64_TO_32_BIT_CONVERSION = YES;
				GCC_WARN_ABOUT_RETURN_TYPE = YES_ERROR;
				GCC_WARN_UNDECLARED_SELECTOR = YES;
				GCC_WARN_UNINITIALIZED_AUTOS = YES_AGGRESSIVE;
				GCC_WARN_UNUSED_FUNCTION = YES;
				GCC_WARN_UNUSED_VARIABLE = YES;
				IPHONEOS_DEPLOYMENT_TARGET = 16.2;
				MTL_ENABLE_DEBUG_INFO = INCLUDE_SOURCE;
				MTL_FAST_MATH = YES;
				ONLY_ACTIVE_ARCH = YES;
				SDKROOT = iphoneos;
				SWIFT_ACTIVE_COMPILATION_CONDITIONS = DEBUG;
				SWIFT_OPTIMIZATION_LEVEL = "-Onone";
			};
			name = Debug;
		};
		CD3B925A29AF7B2100CFE321 /* Release */ = {
			isa = XCBuildConfiguration;
			buildSettings = {
				ALWAYS_SEARCH_USER_PATHS = NO;
				CLANG_ANALYZER_NONNULL = YES;
				CLANG_ANALYZER_NUMBER_OBJECT_CONVERSION = YES_AGGRESSIVE;
				CLANG_CXX_LANGUAGE_STANDARD = "gnu++20";
				CLANG_ENABLE_MODULES = YES;
				CLANG_ENABLE_OBJC_ARC = YES;
				CLANG_ENABLE_OBJC_WEAK = YES;
				CLANG_WARN_BLOCK_CAPTURE_AUTORELEASING = YES;
				CLANG_WARN_BOOL_CONVERSION = YES;
				CLANG_WARN_COMMA = YES;
				CLANG_WARN_CONSTANT_CONVERSION = YES;
				CLANG_WARN_DEPRECATED_OBJC_IMPLEMENTATIONS = YES;
				CLANG_WARN_DIRECT_OBJC_ISA_USAGE = YES_ERROR;
				CLANG_WARN_DOCUMENTATION_COMMENTS = YES;
				CLANG_WARN_EMPTY_BODY = YES;
				CLANG_WARN_ENUM_CONVERSION = YES;
				CLANG_WARN_INFINITE_RECURSION = YES;
				CLANG_WARN_INT_CONVERSION = YES;
				CLANG_WARN_NON_LITERAL_NULL_CONVERSION = YES;
				CLANG_WARN_OBJC_IMPLICIT_RETAIN_SELF = YES;
				CLANG_WARN_OBJC_LITERAL_CONVERSION = YES;
				CLANG_WARN_OBJC_ROOT_CLASS = YES_ERROR;
				CLANG_WARN_QUOTED_INCLUDE_IN_FRAMEWORK_HEADER = YES;
				CLANG_WARN_RANGE_LOOP_ANALYSIS = YES;
				CLANG_WARN_STRICT_PROTOTYPES = YES;
				CLANG_WARN_SUSPICIOUS_MOVE = YES;
				CLANG_WARN_UNGUARDED_AVAILABILITY = YES_AGGRESSIVE;
				CLANG_WARN_UNREACHABLE_CODE = YES;
				CLANG_WARN__DUPLICATE_METHOD_MATCH = YES;
				COPY_PHASE_STRIP = NO;
				DEBUG_INFORMATION_FORMAT = "dwarf-with-dsym";
				ENABLE_NS_ASSERTIONS = NO;
				ENABLE_STRICT_OBJC_MSGSEND = YES;
				GCC_C_LANGUAGE_STANDARD = gnu11;
				GCC_NO_COMMON_BLOCKS = YES;
				GCC_WARN_64_TO_32_BIT_CONVERSION = YES;
				GCC_WARN_ABOUT_RETURN_TYPE = YES_ERROR;
				GCC_WARN_UNDECLARED_SELECTOR = YES;
				GCC_WARN_UNINITIALIZED_AUTOS = YES_AGGRESSIVE;
				GCC_WARN_UNUSED_FUNCTION = YES;
				GCC_WARN_UNUSED_VARIABLE = YES;
				IPHONEOS_DEPLOYMENT_TARGET = 16.2;
				MTL_ENABLE_DEBUG_INFO = NO;
				MTL_FAST_MATH = YES;
				SDKROOT = iphoneos;
				SWIFT_COMPILATION_MODE = wholemodule;
				SWIFT_OPTIMIZATION_LEVEL = "-O";
				VALIDATE_PRODUCT = YES;
			};
			name = Release;
		};
		CD3B925C29AF7B2100CFE321 /* Debug */ = {
			isa = XCBuildConfiguration;
			buildSettings = {
				ASSETCATALOG_COMPILER_APPICON_NAME = AppIcon;
				ASSETCATALOG_COMPILER_GLOBAL_ACCENT_COLOR_NAME = AccentColor;
				CODE_SIGN_STYLE = Automatic;
				CURRENT_PROJECT_VERSION = 1;
				GENERATE_INFOPLIST_FILE = YES;
				INFOPLIST_FILE = quizzler/Info.plist;
				INFOPLIST_KEY_UIApplicationSupportsIndirectInputEvents = YES;
				INFOPLIST_KEY_UILaunchStoryboardName = LaunchScreen;
				INFOPLIST_KEY_UIMainStoryboardFile = Main;
				INFOPLIST_KEY_UISupportedInterfaceOrientations = UIInterfaceOrientationPortrait;
				LD_RUNPATH_SEARCH_PATHS = (
					"$(inherited)",
					"@executable_path/Frameworks",
				);
				MARKETING_VERSION = 1.0;
				PRODUCT_BUNDLE_IDENTIFIER = com.iosDevMo.quizzler;
				PRODUCT_NAME = "$(TARGET_NAME)";
				SWIFT_EMIT_LOC_STRINGS = YES;
				SWIFT_VERSION = 5.0;
				TARGETED_DEVICE_FAMILY = "1,2";
			};
			name = Debug;
		};
		CD3B925D29AF7B2100CFE321 /* Release */ = {
			isa = XCBuildConfiguration;
			buildSettings = {
				ASSETCATALOG_COMPILER_APPICON_NAME = AppIcon;
				ASSETCATALOG_COMPILER_GLOBAL_ACCENT_COLOR_NAME = AccentColor;
				CODE_SIGN_STYLE = Automatic;
				CURRENT_PROJECT_VERSION = 1;
				GENERATE_INFOPLIST_FILE = YES;
				INFOPLIST_FILE = quizzler/Info.plist;
				INFOPLIST_KEY_UIApplicationSupportsIndirectInputEvents = YES;
				INFOPLIST_KEY_UILaunchStoryboardName = LaunchScreen;
				INFOPLIST_KEY_UIMainStoryboardFile = Main;
				INFOPLIST_KEY_UISupportedInterfaceOrientations = UIInterfaceOrientationPortrait;
				LD_RUNPATH_SEARCH_PATHS = (
					"$(inherited)",
					"@executable_path/Frameworks",
				);
				MARKETING_VERSION = 1.0;
				PRODUCT_BUNDLE_IDENTIFIER = com.iosDevMo.quizzler;
				PRODUCT_NAME = "$(TARGET_NAME)";
				SWIFT_EMIT_LOC_STRINGS = YES;
				SWIFT_VERSION = 5.0;
				TARGETED_DEVICE_FAMILY = "1,2";
			};
			name = Release;
		};
/* End XCBuildConfiguration section */

/* Begin XCConfigurationList section */
		CD3B924229AF7B2000CFE321 /* Build configuration list for PBXProject "quizzler" */ = {
			isa = XCConfigurationList;
			buildConfigurations = (
				CD3B925929AF7B2100CFE321 /* Debug */,
				CD3B925A29AF7B2100CFE321 /* Release */,
			);
			defaultConfigurationIsVisible = 0;
			defaultConfigurationName = Release;
		};
		CD3B925B29AF7B2100CFE321 /* Build configuration list for PBXNativeTarget "quizzler" */ = {
			isa = XCConfigurationList;
			buildConfigurations = (
				CD3B925C29AF7B2100CFE321 /* Debug */,
				CD3B925D29AF7B2100CFE321 /* Release */,
			);
			defaultConfigurationIsVisible = 0;
			defaultConfigurationName = Release;
		};
/* End XCConfigurationList section */
	};
	rootObject = CD3B923F29AF7B2000CFE321 /* Project object */;
}
